// !$*UTF8*$!
{
	archiveVersion = 1;
	classes = {
	};
	objectVersion = 50;
	objects = {

/* Begin PBXBuildFile section */
		1691017C23F5199C00625A34 /* AppDelegate.swift in Sources */ = {isa = PBXBuildFile; fileRef = 1691017B23F5199C00625A34 /* AppDelegate.swift */; };
		1691017E23F5199C00625A34 /* ProfileViewController.swift in Sources */ = {isa = PBXBuildFile; fileRef = 1691017D23F5199C00625A34 /* ProfileViewController.swift */; };
		1691018123F5199C00625A34 /* Main.storyboard in Resources */ = {isa = PBXBuildFile; fileRef = 1691017F23F5199C00625A34 /* Main.storyboard */; };
		1691018323F519A400625A34 /* Assets.xcassets in Resources */ = {isa = PBXBuildFile; fileRef = 1691018223F519A400625A34 /* Assets.xcassets */; };
		1691018623F519A400625A34 /* LaunchScreen.storyboard in Resources */ = {isa = PBXBuildFile; fileRef = 1691018423F519A400625A34 /* LaunchScreen.storyboard */; };
		1691019523F9200A00625A34 /* ProfileCell.swift in Sources */ = {isa = PBXBuildFile; fileRef = 1691019423F9200A00625A34 /* ProfileCell.swift */; };
		1691019923FA4BBB00625A34 /* ProfileStruct.swift in Sources */ = {isa = PBXBuildFile; fileRef = 1691019823FA4BBB00625A34 /* ProfileStruct.swift */; };
		1691019C23FA53DA00625A34 /* AboutUsVC.swift in Sources */ = {isa = PBXBuildFile; fileRef = 1691019B23FA53DA00625A34 /* AboutUsVC.swift */; };
		1691019E23FA5F9B00625A34 /* CustomTabBar.swift in Sources */ = {isa = PBXBuildFile; fileRef = 1691019D23FA5F9B00625A34 /* CustomTabBar.swift */; };
		169101A023FA67D000625A34 /* HomeViewController.swift in Sources */ = {isa = PBXBuildFile; fileRef = 1691019F23FA67D000625A34 /* HomeViewController.swift */; };
		169101A223FA680D00625A34 /* SavedViewController.swift in Sources */ = {isa = PBXBuildFile; fileRef = 169101A123FA680D00625A34 /* SavedViewController.swift */; };
		169101A423FE5C4500625A34 /* Courses.swift in Sources */ = {isa = PBXBuildFile; fileRef = 169101A323FE5C4500625A34 /* Courses.swift */; };
		169101A6240329AC00625A34 /* SubjectsViewCell.swift in Sources */ = {isa = PBXBuildFile; fileRef = 169101A5240329AC00625A34 /* SubjectsViewCell.swift */; };
		169101A82403369100625A34 /* EventsViewCell.swift in Sources */ = {isa = PBXBuildFile; fileRef = 169101A72403369100625A34 /* EventsViewCell.swift */; };
		169101AA24035DE800625A34 /* CoursesStruct.swift in Sources */ = {isa = PBXBuildFile; fileRef = 169101A924035DE700625A34 /* CoursesStruct.swift */; };
		169101AC24035DFC00625A34 /* EventsStruct.swift in Sources */ = {isa = PBXBuildFile; fileRef = 169101AB24035DFC00625A34 /* EventsStruct.swift */; };
		169101AE24035E0B00625A34 /* SubjectsStruct.swift in Sources */ = {isa = PBXBuildFile; fileRef = 169101AD24035E0B00625A34 /* SubjectsStruct.swift */; };
/* End PBXBuildFile section */

/* Begin PBXFileReference section */
		1691017823F5199C00625A34 /* Health4TheWorldCourses.app */ = {isa = PBXFileReference; explicitFileType = wrapper.application; includeInIndex = 0; path = Health4TheWorldCourses.app; sourceTree = BUILT_PRODUCTS_DIR; };
		1691017B23F5199C00625A34 /* AppDelegate.swift */ = {isa = PBXFileReference; lastKnownFileType = sourcecode.swift; path = AppDelegate.swift; sourceTree = "<group>"; };
		1691017D23F5199C00625A34 /* ProfileViewController.swift */ = {isa = PBXFileReference; lastKnownFileType = sourcecode.swift; path = ProfileViewController.swift; sourceTree = "<group>"; };
		1691018023F5199C00625A34 /* Base */ = {isa = PBXFileReference; lastKnownFileType = file.storyboard; name = Base; path = Base.lproj/Main.storyboard; sourceTree = "<group>"; };
		1691018223F519A400625A34 /* Assets.xcassets */ = {isa = PBXFileReference; lastKnownFileType = folder.assetcatalog; path = Assets.xcassets; sourceTree = "<group>"; };
		1691018523F519A400625A34 /* Base */ = {isa = PBXFileReference; lastKnownFileType = file.storyboard; name = Base; path = Base.lproj/LaunchScreen.storyboard; sourceTree = "<group>"; };
		1691018723F519A400625A34 /* Info.plist */ = {isa = PBXFileReference; lastKnownFileType = text.plist.xml; path = Info.plist; sourceTree = "<group>"; };
		1691018D23F5218400625A34 /* Health4TheWorldCourses.entitlements */ = {isa = PBXFileReference; lastKnownFileType = text.plist.entitlements; path = Health4TheWorldCourses.entitlements; sourceTree = "<group>"; };
		1691019423F9200A00625A34 /* ProfileCell.swift */ = {isa = PBXFileReference; lastKnownFileType = sourcecode.swift; path = ProfileCell.swift; sourceTree = "<group>"; };
		1691019823FA4BBB00625A34 /* ProfileStruct.swift */ = {isa = PBXFileReference; lastKnownFileType = sourcecode.swift; path = ProfileStruct.swift; sourceTree = "<group>"; };
		1691019B23FA53DA00625A34 /* AboutUsVC.swift */ = {isa = PBXFileReference; lastKnownFileType = sourcecode.swift; path = AboutUsVC.swift; sourceTree = "<group>"; };
		1691019D23FA5F9B00625A34 /* CustomTabBar.swift */ = {isa = PBXFileReference; lastKnownFileType = sourcecode.swift; path = CustomTabBar.swift; sourceTree = "<group>"; };
		1691019F23FA67D000625A34 /* HomeViewController.swift */ = {isa = PBXFileReference; lastKnownFileType = sourcecode.swift; path = HomeViewController.swift; sourceTree = "<group>"; };
		169101A123FA680D00625A34 /* SavedViewController.swift */ = {isa = PBXFileReference; lastKnownFileType = sourcecode.swift; path = SavedViewController.swift; sourceTree = "<group>"; };
		169101A323FE5C4500625A34 /* Courses.swift */ = {isa = PBXFileReference; lastKnownFileType = sourcecode.swift; path = Courses.swift; sourceTree = "<group>"; };
		169101A5240329AC00625A34 /* SubjectsViewCell.swift */ = {isa = PBXFileReference; lastKnownFileType = sourcecode.swift; path = SubjectsViewCell.swift; sourceTree = "<group>"; };
		169101A72403369100625A34 /* EventsViewCell.swift */ = {isa = PBXFileReference; lastKnownFileType = sourcecode.swift; path = EventsViewCell.swift; sourceTree = "<group>"; };
		169101A924035DE700625A34 /* CoursesStruct.swift */ = {isa = PBXFileReference; lastKnownFileType = sourcecode.swift; path = CoursesStruct.swift; sourceTree = "<group>"; };
		169101AB24035DFC00625A34 /* EventsStruct.swift */ = {isa = PBXFileReference; lastKnownFileType = sourcecode.swift; path = EventsStruct.swift; sourceTree = "<group>"; };
		169101AD24035E0B00625A34 /* SubjectsStruct.swift */ = {isa = PBXFileReference; lastKnownFileType = sourcecode.swift; path = SubjectsStruct.swift; sourceTree = "<group>"; };
/* End PBXFileReference section */

/* Begin PBXFrameworksBuildPhase section */
		1691017523F5199C00625A34 /* Frameworks */ = {
			isa = PBXFrameworksBuildPhase;
			buildActionMask = 2147483647;
			files = (
			);
			runOnlyForDeploymentPostprocessing = 0;
		};
/* End PBXFrameworksBuildPhase section */

/* Begin PBXGroup section */
		1691016F23F5199B00625A34 = {
			isa = PBXGroup;
			children = (
				1691017A23F5199C00625A34 /* Health4TheWorldCourses */,
				1691017923F5199C00625A34 /* Products */,
			);
			sourceTree = "<group>";
		};
		1691017923F5199C00625A34 /* Products */ = {
			isa = PBXGroup;
			children = (
				1691017823F5199C00625A34 /* Health4TheWorldCourses.app */,
			);
			name = Products;
			sourceTree = "<group>";
		};
		1691017A23F5199C00625A34 /* Health4TheWorldCourses */ = {
			isa = PBXGroup;
			children = (
				1691019A23FA53B200625A34 /* Profile Screens */,
				1691019323F91FD400625A34 /* Home Screen */,
				1691019223F5280D00625A34 /* Data Models */,
				1691019123F527F400625A34 /* Resources */,
				1691019023F527DA00625A34 /* Supporting Files */,
				1691018F23F527D000625A34 /* utilities */,
				1691018E23F527AC00625A34 /* Storyboards */,
				1691018D23F5218400625A34 /* Health4TheWorldCourses.entitlements */,
				1691017B23F5199C00625A34 /* AppDelegate.swift */,
				1691018723F519A400625A34 /* Info.plist */,
			);
			path = Health4TheWorldCourses;
			sourceTree = "<group>";
		};
		1691018E23F527AC00625A34 /* Storyboards */ = {
			isa = PBXGroup;
			children = (
				1691018423F519A400625A34 /* LaunchScreen.storyboard */,
				1691017F23F5199C00625A34 /* Main.storyboard */,
			);
			path = Storyboards;
			sourceTree = "<group>";
		};
		1691018F23F527D000625A34 /* utilities */ = {
			isa = PBXGroup;
			children = (
				1691019823FA4BBB00625A34 /* ProfileStruct.swift */,
				169101A924035DE700625A34 /* CoursesStruct.swift */,
				169101AB24035DFC00625A34 /* EventsStruct.swift */,
				169101AD24035E0B00625A34 /* SubjectsStruct.swift */,
			);
			path = utilities;
			sourceTree = "<group>";
		};
		1691019023F527DA00625A34 /* Supporting Files */ = {
			isa = PBXGroup;
			children = (
			);
			path = "Supporting Files";
			sourceTree = "<group>";
		};
		1691019123F527F400625A34 /* Resources */ = {
			isa = PBXGroup;
			children = (
				1691018223F519A400625A34 /* Assets.xcassets */,
			);
			path = Resources;
			sourceTree = "<group>";
		};
		1691019223F5280D00625A34 /* Data Models */ = {
			isa = PBXGroup;
			children = (
			);
			path = "Data Models";
			sourceTree = "<group>";
		};
		1691019323F91FD400625A34 /* Home Screen */ = {
			isa = PBXGroup;
			children = (
				1691019423F9200A00625A34 /* ProfileCell.swift */,
				1691017D23F5199C00625A34 /* ProfileViewController.swift */,
				1691019F23FA67D000625A34 /* HomeViewController.swift */,
				169101A123FA680D00625A34 /* SavedViewController.swift */,
				169101A323FE5C4500625A34 /* Courses.swift */,
				169101A5240329AC00625A34 /* SubjectsViewCell.swift */,
				169101A72403369100625A34 /* EventsViewCell.swift */,
			);
			path = "Home Screen";
			sourceTree = "<group>";
		};
		1691019A23FA53B200625A34 /* Profile Screens */ = {
			isa = PBXGroup;
			children = (
				1691019B23FA53DA00625A34 /* AboutUsVC.swift */,
				1691019D23FA5F9B00625A34 /* CustomTabBar.swift */,
			);
			path = "Profile Screens";
			sourceTree = "<group>";
		};
/* End PBXGroup section */

/* Begin PBXNativeTarget section */
		1691017723F5199C00625A34 /* Health4TheWorldCourses */ = {
			isa = PBXNativeTarget;
			buildConfigurationList = 1691018A23F519A400625A34 /* Build configuration list for PBXNativeTarget "Health4TheWorldCourses" */;
			buildPhases = (
				1691017423F5199C00625A34 /* Sources */,
				1691017523F5199C00625A34 /* Frameworks */,
				1691017623F5199C00625A34 /* Resources */,
			);
			buildRules = (
			);
			dependencies = (
			);
			name = Health4TheWorldCourses;
			productName = Health4TheWorldCourses;
			productReference = 1691017823F5199C00625A34 /* Health4TheWorldCourses.app */;
			productType = "com.apple.product-type.application";
		};
/* End PBXNativeTarget section */

/* Begin PBXProject section */
		1691017023F5199C00625A34 /* Project object */ = {
			isa = PBXProject;
			attributes = {
				LastSwiftUpdateCheck = 1020;
				LastUpgradeCheck = 1020;
				ORGANIZATIONNAME = Health4TheWorld;
				TargetAttributes = {
					1691017723F5199C00625A34 = {
						CreatedOnToolsVersion = 10.2.1;
						SystemCapabilities = {
							com.apple.BackgroundModes = {
								enabled = 1;
							};
							com.apple.Push = {
								enabled = 1;
							};
						};
					};
				};
			};
			buildConfigurationList = 1691017323F5199C00625A34 /* Build configuration list for PBXProject "Health4TheWorldCourses" */;
			compatibilityVersion = "Xcode 9.3";
			developmentRegion = en;
			hasScannedForEncodings = 0;
			knownRegions = (
				en,
				Base,
			);
			mainGroup = 1691016F23F5199B00625A34;
			productRefGroup = 1691017923F5199C00625A34 /* Products */;
			projectDirPath = "";
			projectRoot = "";
			targets = (
				1691017723F5199C00625A34 /* Health4TheWorldCourses */,
			);
		};
/* End PBXProject section */

/* Begin PBXResourcesBuildPhase section */
		1691017623F5199C00625A34 /* Resources */ = {
			isa = PBXResourcesBuildPhase;
			buildActionMask = 2147483647;
			files = (
				1691018623F519A400625A34 /* LaunchScreen.storyboard in Resources */,
				1691018323F519A400625A34 /* Assets.xcassets in Resources */,
				1691018123F5199C00625A34 /* Main.storyboard in Resources */,
			);
			runOnlyForDeploymentPostprocessing = 0;
		};
/* End PBXResourcesBuildPhase section */

/* Begin PBXSourcesBuildPhase section */
		1691017423F5199C00625A34 /* Sources */ = {
			isa = PBXSourcesBuildPhase;
			buildActionMask = 2147483647;
			files = (
				1691019923FA4BBB00625A34 /* ProfileStruct.swift in Sources */,
				169101AC24035DFC00625A34 /* EventsStruct.swift in Sources */,
				1691017E23F5199C00625A34 /* ProfileViewController.swift in Sources */,
				1691019523F9200A00625A34 /* ProfileCell.swift in Sources */,
				1691017C23F5199C00625A34 /* AppDelegate.swift in Sources */,
				1691019E23FA5F9B00625A34 /* CustomTabBar.swift in Sources */,
				169101A023FA67D000625A34 /* HomeViewController.swift in Sources */,
				169101AE24035E0B00625A34 /* SubjectsStruct.swift in Sources */,
				169101A82403369100625A34 /* EventsViewCell.swift in Sources */,
				169101A223FA680D00625A34 /* SavedViewController.swift in Sources */,
				169101A6240329AC00625A34 /* SubjectsViewCell.swift in Sources */,
				1691019C23FA53DA00625A34 /* AboutUsVC.swift in Sources */,
				169101A423FE5C4500625A34 /* Courses.swift in Sources */,
				169101AA24035DE800625A34 /* CoursesStruct.swift in Sources */,
			);
			runOnlyForDeploymentPostprocessing = 0;
		};
/* End PBXSourcesBuildPhase section */

/* Begin PBXVariantGroup section */
		1691017F23F5199C00625A34 /* Main.storyboard */ = {
			isa = PBXVariantGroup;
			children = (
				1691018023F5199C00625A34 /* Base */,
			);
			name = Main.storyboard;
			sourceTree = "<group>";
		};
		1691018423F519A400625A34 /* LaunchScreen.storyboard */ = {
			isa = PBXVariantGroup;
			children = (
				1691018523F519A400625A34 /* Base */,
			);
			name = LaunchScreen.storyboard;
			sourceTree = "<group>";
		};
/* End PBXVariantGroup section */

/* Begin XCBuildConfiguration section */
		1691018823F519A400625A34 /* Debug */ = {
			isa = XCBuildConfiguration;
			buildSettings = {
				ALWAYS_SEARCH_USER_PATHS = NO;
				CLANG_ANALYZER_NONNULL = YES;
				CLANG_ANALYZER_NUMBER_OBJECT_CONVERSION = YES_AGGRESSIVE;
				CLANG_CXX_LANGUAGE_STANDARD = "gnu++14";
				CLANG_CXX_LIBRARY = "libc++";
				CLANG_ENABLE_MODULES = YES;
				CLANG_ENABLE_OBJC_ARC = YES;
				CLANG_ENABLE_OBJC_WEAK = YES;
				CLANG_WARN_BLOCK_CAPTURE_AUTORELEASING = YES;
				CLANG_WARN_BOOL_CONVERSION = YES;
				CLANG_WARN_COMMA = YES;
				CLANG_WARN_CONSTANT_CONVERSION = YES;
				CLANG_WARN_DEPRECATED_OBJC_IMPLEMENTATIONS = YES;
				CLANG_WARN_DIRECT_OBJC_ISA_USAGE = YES_ERROR;
				CLANG_WARN_DOCUMENTATION_COMMENTS = YES;
				CLANG_WARN_EMPTY_BODY = YES;
				CLANG_WARN_ENUM_CONVERSION = YES;
				CLANG_WARN_INFINITE_RECURSION = YES;
				CLANG_WARN_INT_CONVERSION = YES;
				CLANG_WARN_NON_LITERAL_NULL_CONVERSION = YES;
				CLANG_WARN_OBJC_IMPLICIT_RETAIN_SELF = YES;
				CLANG_WARN_OBJC_LITERAL_CONVERSION = YES;
				CLANG_WARN_OBJC_ROOT_CLASS = YES_ERROR;
				CLANG_WARN_RANGE_LOOP_ANALYSIS = YES;
				CLANG_WARN_STRICT_PROTOTYPES = YES;
				CLANG_WARN_SUSPICIOUS_MOVE = YES;
				CLANG_WARN_UNGUARDED_AVAILABILITY = YES_AGGRESSIVE;
				CLANG_WARN_UNREACHABLE_CODE = YES;
				CLANG_WARN__DUPLICATE_METHOD_MATCH = YES;
				CODE_SIGN_IDENTITY = "iPhone Developer";
				COPY_PHASE_STRIP = NO;
				DEBUG_INFORMATION_FORMAT = dwarf;
				ENABLE_STRICT_OBJC_MSGSEND = YES;
				ENABLE_TESTABILITY = YES;
				GCC_C_LANGUAGE_STANDARD = gnu11;
				GCC_DYNAMIC_NO_PIC = NO;
				GCC_NO_COMMON_BLOCKS = YES;
				GCC_OPTIMIZATION_LEVEL = 0;
				GCC_PREPROCESSOR_DEFINITIONS = (
					"DEBUG=1",
					"$(inherited)",
				);
				GCC_WARN_64_TO_32_BIT_CONVERSION = YES;
				GCC_WARN_ABOUT_RETURN_TYPE = YES_ERROR;
				GCC_WARN_UNDECLARED_SELECTOR = YES;
				GCC_WARN_UNINITIALIZED_AUTOS = YES_AGGRESSIVE;
				GCC_WARN_UNUSED_FUNCTION = YES;
				GCC_WARN_UNUSED_VARIABLE = YES;
				IPHONEOS_DEPLOYMENT_TARGET = 12.2;
				MTL_ENABLE_DEBUG_INFO = INCLUDE_SOURCE;
				MTL_FAST_MATH = YES;
				ONLY_ACTIVE_ARCH = YES;
				SDKROOT = iphoneos;
				SWIFT_ACTIVE_COMPILATION_CONDITIONS = DEBUG;
				SWIFT_OPTIMIZATION_LEVEL = "-Onone";
			};
			name = Debug;
		};
		1691018923F519A400625A34 /* Release */ = {
			isa = XCBuildConfiguration;
			buildSettings = {
				ALWAYS_SEARCH_USER_PATHS = NO;
				CLANG_ANALYZER_NONNULL = YES;
				CLANG_ANALYZER_NUMBER_OBJECT_CONVERSION = YES_AGGRESSIVE;
				CLANG_CXX_LANGUAGE_STANDARD = "gnu++14";
				CLANG_CXX_LIBRARY = "libc++";
				CLANG_ENABLE_MODULES = YES;
				CLANG_ENABLE_OBJC_ARC = YES;
				CLANG_ENABLE_OBJC_WEAK = YES;
				CLANG_WARN_BLOCK_CAPTURE_AUTORELEASING = YES;
				CLANG_WARN_BOOL_CONVERSION = YES;
				CLANG_WARN_COMMA = YES;
				CLANG_WARN_CONSTANT_CONVERSION = YES;
				CLANG_WARN_DEPRECATED_OBJC_IMPLEMENTATIONS = YES;
				CLANG_WARN_DIRECT_OBJC_ISA_USAGE = YES_ERROR;
				CLANG_WARN_DOCUMENTATION_COMMENTS = YES;
				CLANG_WARN_EMPTY_BODY = YES;
				CLANG_WARN_ENUM_CONVERSION = YES;
				CLANG_WARN_INFINITE_RECURSION = YES;
				CLANG_WARN_INT_CONVERSION = YES;
				CLANG_WARN_NON_LITERAL_NULL_CONVERSION = YES;
				CLANG_WARN_OBJC_IMPLICIT_RETAIN_SELF = YES;
				CLANG_WARN_OBJC_LITERAL_CONVERSION = YES;
				CLANG_WARN_OBJC_ROOT_CLASS = YES_ERROR;
				CLANG_WARN_RANGE_LOOP_ANALYSIS = YES;
				CLANG_WARN_STRICT_PROTOTYPES = YES;
				CLANG_WARN_SUSPICIOUS_MOVE = YES;
				CLANG_WARN_UNGUARDED_AVAILABILITY = YES_AGGRESSIVE;
				CLANG_WARN_UNREACHABLE_CODE = YES;
				CLANG_WARN__DUPLICATE_METHOD_MATCH = YES;
				CODE_SIGN_IDENTITY = "iPhone Developer";
				COPY_PHASE_STRIP = NO;
				DEBUG_INFORMATION_FORMAT = "dwarf-with-dsym";
				ENABLE_NS_ASSERTIONS = NO;
				ENABLE_STRICT_OBJC_MSGSEND = YES;
				GCC_C_LANGUAGE_STANDARD = gnu11;
				GCC_NO_COMMON_BLOCKS = YES;
				GCC_WARN_64_TO_32_BIT_CONVERSION = YES;
				GCC_WARN_ABOUT_RETURN_TYPE = YES_ERROR;
				GCC_WARN_UNDECLARED_SELECTOR = YES;
				GCC_WARN_UNINITIALIZED_AUTOS = YES_AGGRESSIVE;
				GCC_WARN_UNUSED_FUNCTION = YES;
				GCC_WARN_UNUSED_VARIABLE = YES;
				IPHONEOS_DEPLOYMENT_TARGET = 12.2;
				MTL_ENABLE_DEBUG_INFO = NO;
				MTL_FAST_MATH = YES;
				SDKROOT = iphoneos;
				SWIFT_COMPILATION_MODE = wholemodule;
				SWIFT_OPTIMIZATION_LEVEL = "-O";
				VALIDATE_PRODUCT = YES;
			};
			name = Release;
		};
		1691018B23F519A400625A34 /* Debug */ = {
			isa = XCBuildConfiguration;
			buildSettings = {
				ASSETCATALOG_COMPILER_APPICON_NAME = AppIcon;
				CODE_SIGN_ENTITLEMENTS = Health4TheWorldCourses/Health4TheWorldCourses.entitlements;
				CODE_SIGN_STYLE = Automatic;
				DEVELOPMENT_TEAM = VQM3AFB3H9;
				INFOPLIST_FILE = Health4TheWorldCourses/Info.plist;
				IPHONEOS_DEPLOYMENT_TARGET = 9.1;
				LD_RUNPATH_SEARCH_PATHS = (
					"$(inherited)",
					"@executable_path/Frameworks",
				);
				PRODUCT_BUNDLE_IDENTIFIER = com.h4tw.courses.Health4TheWorldCourses;
				PRODUCT_NAME = "$(TARGET_NAME)";
				SWIFT_VERSION = 5.0;
				TARGETED_DEVICE_FAMILY = 1;
			};
			name = Debug;
		};
		1691018C23F519A400625A34 /* Release */ = {
			isa = XCBuildConfiguration;
			buildSettings = {
				ASSETCATALOG_COMPILER_APPICON_NAME = AppIcon;
				CODE_SIGN_ENTITLEMENTS = Health4TheWorldCourses/Health4TheWorldCourses.entitlements;
				CODE_SIGN_STYLE = Automatic;
				DEVELOPMENT_TEAM = VQM3AFB3H9;
				INFOPLIST_FILE = Health4TheWorldCourses/Info.plist;
				IPHONEOS_DEPLOYMENT_TARGET = 9.1;
				LD_RUNPATH_SEARCH_PATHS = (
					"$(inherited)",
					"@executable_path/Frameworks",
				);
				PRODUCT_BUNDLE_IDENTIFIER = com.h4tw.courses.Health4TheWorldCourses;
				PRODUCT_NAME = "$(TARGET_NAME)";
				SWIFT_VERSION = 5.0;
				TARGETED_DEVICE_FAMILY = 1;
			};
			name = Release;
		};
/* End XCBuildConfiguration section */

/* Begin XCConfigurationList section */
		1691017323F5199C00625A34 /* Build configuration list for PBXProject "Health4TheWorldCourses" */ = {
			isa = XCConfigurationList;
			buildConfigurations = (
				1691018823F519A400625A34 /* Debug */,
				1691018923F519A400625A34 /* Release */,
			);
			defaultConfigurationIsVisible = 0;
			defaultConfigurationName = Release;
		};
		1691018A23F519A400625A34 /* Build configuration list for PBXNativeTarget "Health4TheWorldCourses" */ = {
			isa = XCConfigurationList;
			buildConfigurations = (
				1691018B23F519A400625A34 /* Debug */,
				1691018C23F519A400625A34 /* Release */,
			);
			defaultConfigurationIsVisible = 0;
			defaultConfigurationName = Release;
		};
/* End XCConfigurationList section */
	};
	rootObject = 1691017023F5199C00625A34 /* Project object */;
}
